{
  "# Dog food autoload setup and ensure ExitAdapter constant is available for potential stubbing\n# Dog food autoload setup and ensure InputAdapter constant is available for stubbing": [
    {
      "file": "spec/spec_helper.rb",
      "lines": [
        34,
        38,
        42,
        46,
        50,
        54,
        58,
        62,
        66,
        70
      ]
    }
  ],
  "# Dog food autoload setup and ensure GitAdapter constant is available for global stubbing\n# Dog food autoload setup and ensure ExitAdapter constant is available for potential stubbing": [
    {
      "file": "spec/spec_helper.rb",
      "lines": [
        33,
        37,
        41,
        45,
        49,
        53,
        57,
        61,
        65,
        69
      ]
    }
  ]
}
