{
  "# Dog food autoload setup and ensure ExitAdapter constant is available for potential stubbing\n# Dog food autoload setup and ensure InputAdapter constant is available for stubbing": [
    {
      "file": "spec/spec_helper.rb",
      "lines": [
        34,
        38,
        42,
        46,
        50,
        54
      ]
    }
  ],
  "# Dog food autoload setup and ensure GitAdapter constant is available for global stubbing\n# Dog food autoload setup and ensure ExitAdapter constant is available for potential stubbing": [
    {
      "file": "spec/spec_helper.rb",
      "lines": [
        33,
        37,
        41,
        45,
        49,
        53
      ]
    }
  ],
  "appraisal: \"dep-heads\"\nexec_cmd: \"kettle-test\"": [
    {
      "file": ".github/workflows/dep-heads.yml",
      "lines": [
        43,
        100,
        157
      ]
    }
  ],
  "appraisal: \"head\"\nexec_cmd: \"kettle-test\"": [
    {
      "file": ".github/workflows/heads.yml",
      "lines": [
        43,
        104,
        162
      ]
    }
  ],
  "exec_cmd: \"kettle-test\"\n# Run directly from the generated appraisal Gemfile so setup-ruby": [
    {
      "file": ".github/workflows/dep-heads.yml",
      "lines": [
        44,
        101,
        158
      ]
    }
  ],
  "exec_cmd: \"kettle-test\"\nrubygems: default": [
    {
      "file": ".github/workflows/heads.yml",
      "lines": [
        44,
        105,
        163
      ]
    }
  ]
}
