{
  "kettle-dev.gemspec:1054250840": [
    [154, 3, 40, "Gemspec/DependencyVersion: Dependency version specification is required.", 1364274143]
  ],
  "lib/kettle/dev.rb:372647611": [
    [30, 17, 2, "ThreadSafety/MutableClassInstanceVariable: Freeze mutable objects assigned to class instance variables.", 5862883]
  ],
  "lib/kettle/dev/tasks/ci_task.rb:2124351161": [
    [201, 26, 10, "ThreadSafety/NewThread: Avoid starting new threads.", 3411682361],
    [204, 13, 320, "Lint/RescueException: Avoid rescuing the `Exception` class. Perhaps you meant to rescue `StandardError`?", 508330984],
    [217, 24, 60, "ThreadSafety/NewThread: Avoid starting new threads.", 1884163423],
    [257, 19, 158, "Lint/RescueException: Avoid rescuing the `Exception` class. Perhaps you meant to rescue `StandardError`?", 3347980327],
    [263, 15, 175, "Lint/RescueException: Avoid rescuing the `Exception` class. Perhaps you meant to rescue `StandardError`?", 1705470978]
  ],
  "spec/kettle/dev/ci_helpers_spec.rb:3936399163": [
    [36, 16, 42, "RSpec/VerifiedDoubles: Prefer using verifying doubles over normal doubles.", 465257938],
    [37, 28, 33, "RSpec/VerifiedDoubles: Prefer using verifying doubles over normal doubles.", 3247304381],
    [40, 9, 19, "ThreadSafety/DirChdir: Avoid using `Dir.chdir` due to its process-wide effect.", 585207512],
    [98, 5, 61, "RSpec/MultipleExpectations: Example has too many expectations [2/1].", 2945006178],
    [143, 5, 47, "RSpec/MultipleExpectations: Example has too many expectations [3/1].", 45456806],
    [225, 5, 39, "RSpec/MultipleExpectations: Example has too many expectations [3/1].", 4038128320]
  ],
  "spec/kettle/dev/ci_monitor_spec.rb:1478408703": [
    [15, 7, 60, "RSpec/ReceiveMessages: Use `receive_messages` instead of multiple stubs on lines [16, 22, 26, 27, 28].", 3901348706],
    [16, 7, 61, "RSpec/ReceiveMessages: Use `receive_messages` instead of multiple stubs on lines [15, 22, 26, 27, 28].", 699226184],
    [22, 7, 71, "RSpec/ReceiveMessages: Use `receive_messages` instead of multiple stubs on lines [15, 16, 26, 27, 28].", 3905906821],
    [26, 7, 67, "RSpec/ReceiveMessages: Use `receive_messages` instead of multiple stubs on lines [15, 16, 22, 27, 28].", 1891603964],
    [27, 7, 61, "RSpec/ReceiveMessages: Use `receive_messages` instead of multiple stubs on lines [15, 16, 22, 26, 28].", 3527598679],
    [28, 7, 59, "RSpec/ReceiveMessages: Use `receive_messages` instead of multiple stubs on lines [15, 16, 22, 26, 27].", 2768473756],
    [34, 7, 60, "RSpec/ReceiveMessages: Use `receive_messages` instead of multiple stubs on lines [35, 40, 43, 44, 45].", 3901348706],
    [35, 7, 61, "RSpec/ReceiveMessages: Use `receive_messages` instead of multiple stubs on lines [34, 40, 43, 44, 45].", 699226184],
    [40, 7, 71, "RSpec/ReceiveMessages: Use `receive_messages` instead of multiple stubs on lines [34, 35, 43, 44, 45].", 3905906821],
    [43, 7, 67, "RSpec/ReceiveMessages: Use `receive_messages` instead of multiple stubs on lines [34, 35, 40, 44, 45].", 1891603964],
    [44, 7, 61, "RSpec/ReceiveMessages: Use `receive_messages` instead of multiple stubs on lines [34, 35, 40, 43, 45].", 3527598679],
    [45, 7, 60, "RSpec/ReceiveMessages: Use `receive_messages` instead of multiple stubs on lines [34, 35, 40, 43, 44].", 326783895],
    [51, 7, 60, "RSpec/ReceiveMessages: Use `receive_messages` instead of multiple stubs on lines [52, 57, 60, 61, 62].", 3901348706],
    [52, 7, 61, "RSpec/ReceiveMessages: Use `receive_messages` instead of multiple stubs on lines [51, 57, 60, 61, 62].", 699226184],
    [57, 7, 71, "RSpec/ReceiveMessages: Use `receive_messages` instead of multiple stubs on lines [51, 52, 60, 61, 62].", 3905906821],
    [60, 7, 67, "RSpec/ReceiveMessages: Use `receive_messages` instead of multiple stubs on lines [51, 52, 57, 61, 62].", 1891603964],
    [61, 7, 61, "RSpec/ReceiveMessages: Use `receive_messages` instead of multiple stubs on lines [51, 52, 57, 60, 62].", 3527598679],
    [62, 7, 59, "RSpec/ReceiveMessages: Use `receive_messages` instead of multiple stubs on lines [51, 52, 57, 60, 61].", 2768473756],
    [82, 5, 57, "RSpec/MultipleExpectations: Example has too many expectations [2/1].", 1048908844],
    [95, 5, 61, "RSpec/MultipleExpectations: Example has too many expectations [2/1].", 2668761428],
    [103, 7, 60, "RSpec/ReceiveMessages: Use `receive_messages` instead of multiple stubs on lines [104, 109].", 3901348706],
    [104, 7, 57, "RSpec/ReceiveMessages: Use `receive_messages` instead of multiple stubs on lines [103, 109].", 4167565767],
    [105, 7, 75, "RSpec/ReceiveMessages: Use `receive_messages` instead of multiple stubs on lines [108].", 656584126],
    [108, 7, 75, "RSpec/ReceiveMessages: Use `receive_messages` instead of multiple stubs on lines [105].", 3847887328],
    [109, 7, 61, "RSpec/ReceiveMessages: Use `receive_messages` instead of multiple stubs on lines [103, 104].", 699226184]
  ],
  "spec/kettle/dev/git_adapter_spec.rb:2753620283": [
    [8, 22, 19, "RSpec/VerifiedDoubles: Prefer using verifying doubles over normal doubles.", 3198354142],
    [10, 5, 44, "RSpec/MultipleExpectations: Example has too many expectations [2/1].", 2395005480],
    [11, 27, 7, "RSpec/MessageSpies: Prefer `have_received` for setting message expectations. Setup `git_repo` as a spy using `allow` or `instance_spy`.", 1384559950],
    [18, 5, 48, "RSpec/MultipleExpectations: Example has too many expectations [2/1].", 3859365253],
    [19, 27, 7, "RSpec/MessageSpies: Prefer `have_received` for setting message expectations. Setup `git_repo` as a spy using `allow` or `instance_spy`.", 1384559950],
    [26, 5, 40, "RSpec/MultipleExpectations: Example has too many expectations [2/1].", 2226014944],
    [27, 7, 16, "RSpec/StubbedMock: Prefer `allow` over `expect` when configuring a response.", 722749302],
    [27, 27, 7, "RSpec/MessageSpies: Prefer `have_received` for setting message expectations. Setup `git_repo` as a spy using `allow` or `instance_spy`.", 1384559950],
    [34, 5, 45, "RSpec/MultipleExpectations: Example has too many expectations [2/1].", 2325715337],
    [44, 5, 36, "RSpec/MultipleExpectations: Example has too many expectations [2/1].", 761591252],
    [45, 18, 37, "RSpec/VerifiedDoubles: Prefer using verifying doubles over normal doubles.", 2376854826],
    [46, 18, 37, "RSpec/VerifiedDoubles: Prefer using verifying doubles over normal doubles.", 3615709467],
    [56, 5, 48, "RSpec/MultipleExpectations: Example has too many expectations [2/1].", 1730677446],
    [57, 18, 72, "RSpec/VerifiedDoubles: Prefer using verifying doubles over normal doubles.", 2627662438],
    [58, 18, 76, "RSpec/VerifiedDoubles: Prefer using verifying doubles over normal doubles.", 4194664841],
    [71, 5, 41, "RSpec/MultipleExpectations: Example has too many expectations [2/1].", 497273307],
    [72, 18, 72, "RSpec/VerifiedDoubles: Prefer using verifying doubles over normal doubles.", 2627662438],
    [82, 5, 51, "RSpec/MultipleExpectations: Example has too many expectations [3/1].", 3636420064],
    [83, 27, 7, "RSpec/MessageSpies: Prefer `have_received` for setting message expectations. Setup `git_repo` as a spy using `allow` or `instance_spy`.", 1384559950],
    [92, 5, 37, "RSpec/MultipleExpectations: Example has too many expectations [3/1].", 4193763416],
    [93, 27, 7, "RSpec/MessageSpies: Prefer `have_received` for setting message expectations. Setup `git_repo` as a spy using `allow` or `instance_spy`.", 1384559950],
    [102, 5, 60, "RSpec/MultipleExpectations: Example has too many expectations [5/1].", 2681505264],
    [103, 27, 7, "RSpec/MessageSpies: Prefer `have_received` for setting message expectations. Setup `git_repo` as a spy using `allow` or `instance_spy`.", 1384559950],
    [108, 27, 7, "RSpec/MessageSpies: Prefer `have_received` for setting message expectations. Setup `git_repo` as a spy using `allow` or `instance_spy`.", 1384559950],
    [123, 5, 52, "RSpec/MultipleExpectations: Example has too many expectations [4/1].", 4152774280],
    [125, 7, 15, "RSpec/StubbedMock: Prefer `allow` over `expect` when configuring a response.", 3416856044],
    [125, 26, 7, "RSpec/MessageSpies: Prefer `have_received` for setting message expectations. Setup `adapter` as a spy using `allow` or `instance_spy`.", 1384559950],
    [127, 7, 15, "RSpec/StubbedMock: Prefer `allow` over `expect` when configuring a response.", 3416856044],
    [127, 26, 7, "RSpec/MessageSpies: Prefer `have_received` for setting message expectations. Setup `adapter` as a spy using `allow` or `instance_spy`.", 1384559950],
    [131, 5, 39, "RSpec/MultipleExpectations: Example has too many expectations [4/1].", 2969083275],
    [133, 7, 15, "RSpec/StubbedMock: Prefer `allow` over `expect` when configuring a response.", 3416856044],
    [133, 26, 7, "RSpec/MessageSpies: Prefer `have_received` for setting message expectations. Setup `adapter` as a spy using `allow` or `instance_spy`.", 1384559950],
    [135, 7, 15, "RSpec/StubbedMock: Prefer `allow` over `expect` when configuring a response.", 3416856044],
    [135, 26, 7, "RSpec/MessageSpies: Prefer `have_received` for setting message expectations. Setup `adapter` as a spy using `allow` or `instance_spy`.", 1384559950],
    [139, 5, 41, "RSpec/MultipleExpectations: Example has too many expectations [2/1].", 2515080507],
    [140, 7, 13, "RSpec/StubbedMock: Prefer `allow` over `expect` when configuring a response.", 2024371388],
    [140, 24, 7, "RSpec/MessageSpies: Prefer `have_received` for setting message expectations. Setup `Open3` as a spy using `allow` or `instance_spy`.", 1384559950],
    [145, 5, 36, "RSpec/MultipleExpectations: Example has too many expectations [2/1].", 501947734],
    [146, 7, 13, "RSpec/StubbedMock: Prefer `allow` over `expect` when configuring a response.", 2024371388],
    [146, 24, 7, "RSpec/MessageSpies: Prefer `have_received` for setting message expectations. Setup `Open3` as a spy using `allow` or `instance_spy`.", 1384559950],
    [151, 5, 50, "RSpec/MultipleExpectations: Example has too many expectations [3/1].", 2722023936],
    [158, 7, 13, "RSpec/StubbedMock: Prefer `allow` over `expect` when configuring a response.", 2024371388],
    [158, 24, 7, "RSpec/MessageSpies: Prefer `have_received` for setting message expectations. Setup `Open3` as a spy using `allow` or `instance_spy`.", 1384559950],
    [166, 5, 35, "RSpec/MultipleExpectations: Example has too many expectations [2/1].", 1782621539],
    [167, 7, 13, "RSpec/StubbedMock: Prefer `allow` over `expect` when configuring a response.", 2024371388],
    [167, 24, 7, "RSpec/MessageSpies: Prefer `have_received` for setting message expectations. Setup `Open3` as a spy using `allow` or `instance_spy`.", 1384559950],
    [172, 5, 39, "RSpec/MultipleExpectations: Example has too many expectations [8/1].", 1624240181],
    [174, 7, 15, "RSpec/StubbedMock: Prefer `allow` over `expect` when configuring a response.", 3416856044],
    [174, 26, 7, "RSpec/MessageSpies: Prefer `have_received` for setting message expectations. Setup `adapter` as a spy using `allow` or `instance_spy`.", 1384559950],
    [176, 7, 15, "RSpec/StubbedMock: Prefer `allow` over `expect` when configuring a response.", 3416856044],
    [176, 26, 7, "RSpec/MessageSpies: Prefer `have_received` for setting message expectations. Setup `adapter` as a spy using `allow` or `instance_spy`.", 1384559950],
    [178, 7, 15, "RSpec/StubbedMock: Prefer `allow` over `expect` when configuring a response.", 3416856044],
    [178, 26, 7, "RSpec/MessageSpies: Prefer `have_received` for setting message expectations. Setup `adapter` as a spy using `allow` or `instance_spy`.", 1384559950],
    [180, 7, 15, "RSpec/StubbedMock: Prefer `allow` over `expect` when configuring a response.", 3416856044],
    [180, 26, 7, "RSpec/MessageSpies: Prefer `have_received` for setting message expectations. Setup `adapter` as a spy using `allow` or `instance_spy`.", 1384559950],
    [211, 5, 52, "RSpec/MultipleExpectations: Example has too many expectations [2/1].", 1013096336],
    [222, 5, 90, "RSpec/MultipleExpectations: Example has too many expectations [2/1].", 4021461670]
  ],
  "spec/kettle/dev/tasks/template_task_env_spec.rb:3333509415": [
    [8, 3, 89, "RSpec/MultipleExpectations: Example has too many expectations [2/1].", 1016089034]
  ],
  "spec/kettle/dev/tasks/template_task_spec.rb:1752877271": [
    [41, 5, 106, "RSpec/MultipleExpectations: Example has too many expectations [6/1].", 1731744831],
    [90, 5, 61, "RSpec/MultipleExpectations: Example has too many expectations [3/1].", 3717141426],
    [116, 5, 67, "RSpec/MultipleExpectations: Example has too many expectations [2/1].", 1842133030],
    [152, 5, 84, "RSpec/MultipleExpectations: Example has too many expectations [2/1].", 3162252021],
    [185, 5, 83, "RSpec/MultipleExpectations: Example has too many expectations [2/1].", 3346006621],
    [222, 5, 72, "RSpec/MultipleExpectations: Example has too many expectations [5/1].", 730246015],
    [289, 5, 95, "RSpec/MultipleExpectations: Example has too many expectations [2/1].", 3532822662],
    [346, 5, 77, "RSpec/MultipleExpectations: Example has too many expectations [3/1].", 709693544],
    [375, 13, 24, "RSpec/ContextWording: Context description should match /^when\\b/, /^with\\b/, or /^without\\b/.", 196765058],
    [416, 5, 90, "RSpec/MultipleExpectations: Example has too many expectations [5/1].", 3191742339],
    [522, 5, 81, "RSpec/MultipleExpectations: Example has too many expectations [8/1].", 174955413],
    [592, 5, 79, "RSpec/MultipleExpectations: Example has too many expectations [7/1].", 1300947465]
  ],
  "spec/kettle/dev/tasks_file_spec.rb:3588115248": [
    [9, 3, 55, "RSpec/MultipleExpectations: Example has too many expectations [2/1].", 493548809]
  ],
  "spec/kettle/dev/template_helpers_spec.rb:2149092737": [
    [396, 9, 29, "RSpec/AnyInstance: Avoid stubbing using `allow_any_instance_of`.", 835110177],
    [397, 9, 29, "RSpec/AnyInstance: Avoid stubbing using `allow_any_instance_of`.", 835110177]
  ],
  "spec/kettle/dev/versioning_spec.rb:2114060059": [
    [55, 7, 53, "RSpec/PredicateMatcher: Prefer using `be_epic_major` matcher over `epic_major?`.", 200417834]
  ],
  "spec/kettle/dev_private_spec.rb:2105232169": [
    [5, 5, 49, "RSpec/MultipleExpectations: Example has too many expectations [2/1].", 146084145],
    [10, 7, 20, "RSpec/StubbedMock: Prefer `allow` over `expect` when configuring a response.", 794029890],
    [10, 31, 7, "RSpec/MessageSpies: Prefer `have_received` for setting message expectations. Setup `default_task` as a spy using `allow` or `instance_spy`.", 1384559950],
    [80, 9, 18, "RSpec/LeakyConstantDeclaration: Stub module constant instead of declaring explicitly.", 3236815244],
    [83, 41, 36, "RSpec/VerifiedDoubles: Prefer using verifying doubles over normal doubles.", 1790782556]
  ],
  "spec/kettle/entry_points_spec.rb:847894159": [
    [3, 16, 14, "RSpec/DescribeClass: The first argument to describe should be the class or module being tested.", 3581131150],
    [4, 3, 52, "RSpec/MultipleExpectations: Example has too many expectations [3/1].", 1117544902],
    [10, 3, 52, "RSpec/MultipleExpectations: Example has too many expectations [3/1].", 3446197060]
  ],
  "spec/kettle_dev_file_spec.rb:1811427211": [
    [3, 16, 25, "RSpec/DescribeClass: The first argument to describe should be the class or module being tested.", 3060513619],
    [4, 3, 34, "RSpec/MultipleExpectations: Example has too many expectations [2/1].", 724886528]
  ]
}
