PATH
  remote: /var/home/pboling/src/kettle-rb/ast-merge/vendor/kettle-dev
  specs:
    kettle-dev (1.2.5)

GEM
  remote: https://gem.coop/
  specs:
    rake (13.3.1)

PLATFORMS
  x86_64-linux

DEPENDENCIES
  kettle-dev!
  rake

CHECKSUMS
  kettle-dev (1.2.5)
  rake (13.3.1) sha256=8c9e89d09f66a26a01264e7e3480ec0607f0c497a861ef16063604b1b08eb19c

BUNDLED WITH
  4.0.6
